
Microsoft Visual Studio Solution File, Format Version 12.00
# Visual Studio 15
VisualStudioVersion = 15.0.27703.2026
MinimumVisualStudioVersion = 10.0.40219.1
Project("{FAE04EC0-301F-11D3-BF4B-00C04F79EFBC}") = "GestioneCantieri", "GestioneCantieri\GestioneCantieri.csproj", "{5E56B4BA-EE55-451B-B467-440251D2002E}"
EndProject
Global
	GlobalSection(SolutionConfigurationPlatforms) = preSolution
		Debug|Any CPU = Debug|Any CPU
		Debug|x86 = Debug|x86
		Release|Any CPU = Release|Any CPU
		Release|x86 = Release|x86
	EndGlobalSection
	GlobalSection(ProjectConfigurationPlatforms) = postSolution
		{5E56B4BA-EE55-451B-B467-440251D2002E}.Debug|Any CPU.ActiveCfg = Debug|Any CPU
		{5E56B4BA-EE55-451B-B467-440251D2002E}.Debug|Any CPU.Build.0 = Debug|Any CPU
		{5E56B4BA-EE55-451B-B467-440251D2002E}.Debug|x86.ActiveCfg = Release|x86
		{5E56B4BA-EE55-451B-B467-440251D2002E}.Debug|x86.Build.0 = Release|x86
		{5E56B4BA-EE55-451B-B467-440251D2002E}.Release|Any CPU.ActiveCfg = Release|Any CPU
		{5E56B4BA-EE55-451B-B467-440251D2002E}.Release|Any CPU.Build.0 = Release|Any CPU
		{5E56B4BA-EE55-451B-B467-440251D2002E}.Release|x86.ActiveCfg = Release|x86
		{5E56B4BA-EE55-451B-B467-440251D2002E}.Release|x86.Build.0 = Release|x86
	EndGlobalSection
	GlobalSection(SolutionProperties) = preSolution
		HideSolutionNode = FALSE
	EndGlobalSection
	GlobalSection(ExtensibilityGlobals) = postSolution
		SolutionGuid = {55930559-57D4-462A-9C2D-07381E1084E1}
	EndGlobalSection
EndGlobal
